
Microsoft Visual Studio Solution File, Format Version 12.00
# Visual Studio 15
VisualStudioVersion = 15.0.27703.2035
MinimumVisualStudioVersion = 10.0.40219.1
Project("{FAE04EC0-301F-11D3-BF4B-00C04F79EFBC}") = "Encrypter_Decrypter", "Encrypter_Decrypter\Encrypter_Decrypter.csproj", "{0AB87A49-5145-4CF5-9A44-99922B91C637}"
EndProject
Global
	GlobalSection(SolutionConfigurationPlatforms) = preSolution
		Debug|Any CPU = Debug|Any CPU
		Release|Any CPU = Release|Any CPU
	EndGlobalSection
	GlobalSection(ProjectConfigurationPlatforms) = postSolution
		{0AB87A49-5145-4CF5-9A44-99922B91C637}.Debug|Any CPU.ActiveCfg = Debug|Any CPU
		{0AB87A49-5145-4CF5-9A44-99922B91C637}.Debug|Any CPU.Build.0 = Debug|Any CPU
		{0AB87A49-5145-4CF5-9A44-99922B91C637}.Release|Any CPU.ActiveCfg = Release|Any CPU
		{0AB87A49-5145-4CF5-9A44-99922B91C637}.Release|Any CPU.Build.0 = Release|Any CPU
	EndGlobalSection
	GlobalSection(SolutionProperties) = preSolution
		HideSolutionNode = FALSE
	EndGlobalSection
	GlobalSection(ExtensibilityGlobals) = postSolution
		SolutionGuid = {931DD027-AFE2-465B-ACB8-AF0162AF27E9}
	EndGlobalSection
EndGlobal
